<?xml version="1.0" encoding="utf-8"?>
<Project ToolsVersion="17.0" xmlns="http://schemas.microsoft.com/developer/msbuild/2003">
  <ItemGroup>
    <CustomBuild Include="C:\Users\julius.hager\Documents\GitHub\KTH\ptex-gpu-comparison\cpu-renderer\CMakeFiles\b1d8eface3935faa4bf641546fd0e129\generate.stamp.rule">
      <Filter>CMake Rules</Filter>
    </CustomBuild>
  </ItemGroup>
  <ItemGroup>
    <Filter Include="CMake Rules">
      <UniqueIdentifier>{A04F5D52-62B3-3F89-876F-1625839DEC3B}</UniqueIdentifier>
    </Filter>
  </ItemGroup>
</Project>
